
Microsoft Visual Studio Solution File, Format Version 12.00
# Visual Studio Version 16
VisualStudioVersion = 16.0.30503.244
MinimumVisualStudioVersion = 10.0.40219.1
Project("{FAE04EC0-301F-11D3-BF4B-00C04F79EFBC}") = "lab_5_CSHARP", "lab_5_CSHARP\lab_5_CSHARP.csproj", "{E33C17C3-BFDB-4592-8E5C-632349742D98}"
EndProject
Global
	GlobalSection(SolutionConfigurationPlatforms) = preSolution
		Debug|Any CPU = Debug|Any CPU
		Release|Any CPU = Release|Any CPU
	EndGlobalSection
	GlobalSection(ProjectConfigurationPlatforms) = postSolution
		{E33C17C3-BFDB-4592-8E5C-632349742D98}.Debug|Any CPU.ActiveCfg = Debug|Any CPU
		{E33C17C3-BFDB-4592-8E5C-632349742D98}.Debug|Any CPU.Build.0 = Debug|Any CPU
		{E33C17C3-BFDB-4592-8E5C-632349742D98}.Release|Any CPU.ActiveCfg = Release|Any CPU
		{E33C17C3-BFDB-4592-8E5C-632349742D98}.Release|Any CPU.Build.0 = Release|Any CPU
	EndGlobalSection
	GlobalSection(SolutionProperties) = preSolution
		HideSolutionNode = FALSE
	EndGlobalSection
	GlobalSection(ExtensibilityGlobals) = postSolution
		SolutionGuid = {9B9352AA-205A-4EB2-9466-EA109739B0FE}
	EndGlobalSection
EndGlobal
